{
  "object": {
    "pins": [
      {
        "package": "SwiftPlot",
        "repositoryURL": "https://github.com/karwa/swiftplot.git",
        "state": {
          "branch": "dev",
          "revision": "cdbdb6b9b073c2972c9561284ac80a0e9578a656",
          "version": null
        }
      }
    ]
  },
  "version": 1
}
